
Microsoft Visual Studio Solution File, Format Version 12.00
# Visual Studio Version 17
VisualStudioVersion = 17.0.31903.59
MinimumVisualStudioVersion = 10.0.40219.1
Project("{2150E333-8FDC-42A3-9474-1A3956D46DE8}") = "src", "src", "{575388F7-C983-4498-BFAD-3B012DFB4567}"
EndProject
Project("{FAE04EC0-301F-11D3-BF4B-00C04F79EFBC}") = "Desafio_Fiap.Api", "src\Desafio_Fiap.Api\Desafio_Fiap.Api.csproj", "{7FB29BC1-6D36-457A-B547-42A36A3153C1}"
EndProject
Global
	GlobalSection(SolutionConfigurationPlatforms) = preSolution
		Debug|Any CPU = Debug|Any CPU
		Release|Any CPU = Release|Any CPU
	EndGlobalSection
	GlobalSection(SolutionProperties) = preSolution
		HideSolutionNode = FALSE
	EndGlobalSection
	GlobalSection(ProjectConfigurationPlatforms) = postSolution
		{7FB29BC1-6D36-457A-B547-42A36A3153C1}.Debug|Any CPU.ActiveCfg = Debug|Any CPU
		{7FB29BC1-6D36-457A-B547-42A36A3153C1}.Debug|Any CPU.Build.0 = Debug|Any CPU
		{7FB29BC1-6D36-457A-B547-42A36A3153C1}.Release|Any CPU.ActiveCfg = Release|Any CPU
		{7FB29BC1-6D36-457A-B547-42A36A3153C1}.Release|Any CPU.Build.0 = Release|Any CPU
	EndGlobalSection
	GlobalSection(NestedProjects) = preSolution
		{7FB29BC1-6D36-457A-B547-42A36A3153C1} = {575388F7-C983-4498-BFAD-3B012DFB4567}
	EndGlobalSection
EndGlobal
